
Microsoft Visual Studio Solution File, Format Version 12.00
# Visual Studio Version 16
VisualStudioVersion = 16.0.30907.101
MinimumVisualStudioVersion = 10.0.40219.1
Project("{FAE04EC0-301F-11D3-BF4B-00C04F79EFBC}") = "metotlar", "metotlar\metotlar.csproj", "{FB04B676-3101-47A1-B8A9-07173EBA9F79}"
EndProject
Project("{FAE04EC0-301F-11D3-BF4B-00C04F79EFBC}") = "Matematik", "Matematik\Matematik.csproj", "{B6E03CC5-B33F-4081-B42E-438AB190F1CC}"
EndProject
Project("{FAE04EC0-301F-11D3-BF4B-00C04F79EFBC}") = "DegerVeReferansTipler", "DegerVeReferansTipler\DegerVeReferansTipler.csproj", "{8F406A3B-6184-43FD-A46F-AD5C05B28246}"
EndProject
Global
	GlobalSection(SolutionConfigurationPlatforms) = preSolution
		Debug|Any CPU = Debug|Any CPU
		Release|Any CPU = Release|Any CPU
	EndGlobalSection
	GlobalSection(ProjectConfigurationPlatforms) = postSolution
		{FB04B676-3101-47A1-B8A9-07173EBA9F79}.Debug|Any CPU.ActiveCfg = Debug|Any CPU
		{FB04B676-3101-47A1-B8A9-07173EBA9F79}.Debug|Any CPU.Build.0 = Debug|Any CPU
		{FB04B676-3101-47A1-B8A9-07173EBA9F79}.Release|Any CPU.ActiveCfg = Release|Any CPU
		{FB04B676-3101-47A1-B8A9-07173EBA9F79}.Release|Any CPU.Build.0 = Release|Any CPU
		{B6E03CC5-B33F-4081-B42E-438AB190F1CC}.Debug|Any CPU.ActiveCfg = Debug|Any CPU
		{B6E03CC5-B33F-4081-B42E-438AB190F1CC}.Debug|Any CPU.Build.0 = Debug|Any CPU
		{B6E03CC5-B33F-4081-B42E-438AB190F1CC}.Release|Any CPU.ActiveCfg = Release|Any CPU
		{B6E03CC5-B33F-4081-B42E-438AB190F1CC}.Release|Any CPU.Build.0 = Release|Any CPU
		{8F406A3B-6184-43FD-A46F-AD5C05B28246}.Debug|Any CPU.ActiveCfg = Debug|Any CPU
		{8F406A3B-6184-43FD-A46F-AD5C05B28246}.Debug|Any CPU.Build.0 = Debug|Any CPU
		{8F406A3B-6184-43FD-A46F-AD5C05B28246}.Release|Any CPU.ActiveCfg = Release|Any CPU
		{8F406A3B-6184-43FD-A46F-AD5C05B28246}.Release|Any CPU.Build.0 = Release|Any CPU
	EndGlobalSection
	GlobalSection(SolutionProperties) = preSolution
		HideSolutionNode = FALSE
	EndGlobalSection
	GlobalSection(ExtensibilityGlobals) = postSolution
		SolutionGuid = {82427AD4-2134-438A-8148-55ED4F78C23E}
	EndGlobalSection
EndGlobal
